
Microsoft Visual Studio Solution File, Format Version 12.00
# Visual Studio Version 17
VisualStudioVersion = 17.14.36915.13 d17.14
MinimumVisualStudioVersion = 10.0.40219.1
Project("{FAE04EC0-301F-11D3-BF4B-00C04F79EFBC}") = "chatBot", "chatBot\chatBot.csproj", "{BEB65851-F955-4AAF-B884-4A55968736F5}"
EndProject
Global
	GlobalSection(SolutionConfigurationPlatforms) = preSolution
		Debug|Any CPU = Debug|Any CPU
		Release|Any CPU = Release|Any CPU
	EndGlobalSection
	GlobalSection(ProjectConfigurationPlatforms) = postSolution
		{BEB65851-F955-4AAF-B884-4A55968736F5}.Debug|Any CPU.ActiveCfg = Debug|Any CPU
		{BEB65851-F955-4AAF-B884-4A55968736F5}.Debug|Any CPU.Build.0 = Debug|Any CPU
		{BEB65851-F955-4AAF-B884-4A55968736F5}.Release|Any CPU.ActiveCfg = Release|Any CPU
		{BEB65851-F955-4AAF-B884-4A55968736F5}.Release|Any CPU.Build.0 = Release|Any CPU
	EndGlobalSection
	GlobalSection(SolutionProperties) = preSolution
		HideSolutionNode = FALSE
	EndGlobalSection
	GlobalSection(ExtensibilityGlobals) = postSolution
		SolutionGuid = {8B4154DA-6118-42F3-A85F-EDE360C38514}
	EndGlobalSection
EndGlobal
